
Microsoft Visual Studio Solution File, Format Version 12.00
# Visual Studio 15
VisualStudioVersion = 15.0.27130.2027
MinimumVisualStudioVersion = 10.0.40219.1
Project("{FAE04EC0-301F-11D3-BF4B-00C04F79EFBC}") = "WindowsFormsApp1", "WindowsFormsApp1\WindowsFormsApp1.csproj", "{FDE80D6E-AECC-4D49-BD79-6BF56E3DEAC6}"
EndProject
Global
	GlobalSection(SolutionConfigurationPlatforms) = preSolution
		Debug|Any CPU = Debug|Any CPU
		Release|Any CPU = Release|Any CPU
	EndGlobalSection
	GlobalSection(ProjectConfigurationPlatforms) = postSolution
		{FDE80D6E-AECC-4D49-BD79-6BF56E3DEAC6}.Debug|Any CPU.ActiveCfg = Debug|Any CPU
		{FDE80D6E-AECC-4D49-BD79-6BF56E3DEAC6}.Debug|Any CPU.Build.0 = Debug|Any CPU
		{FDE80D6E-AECC-4D49-BD79-6BF56E3DEAC6}.Release|Any CPU.ActiveCfg = Release|Any CPU
		{FDE80D6E-AECC-4D49-BD79-6BF56E3DEAC6}.Release|Any CPU.Build.0 = Release|Any CPU
	EndGlobalSection
	GlobalSection(SolutionProperties) = preSolution
		HideSolutionNode = FALSE
	EndGlobalSection
	GlobalSection(ExtensibilityGlobals) = postSolution
		SolutionGuid = {5CADCD26-61D5-460E-BD19-FB7209F5BE4F}
	EndGlobalSection
EndGlobal
